
Microsoft Visual Studio Solution File, Format Version 12.00
# Visual Studio Version 17
VisualStudioVersion = 17.9.34723.18
MinimumVisualStudioVersion = 10.0.40219.1
Project("{9A19103F-16F7-4668-BE54-9A1E7A4F7556}") = "PruebaTecnicaABSolutions", "PruebaTecnicaABSolutions\PruebaTecnicaABSolutions.csproj", "{1C171CAD-35F5-4B74-B117-8A7BEEF1194F}"
EndProject
Project("{2150E333-8FDC-42A3-9474-1A3956D46DE8}") = "Solution Items", "Solution Items", "{A84E06DF-EE16-4874-BFBA-D871F77BABCE}"
	ProjectSection(SolutionItems) = preProject
		.editorconfig = .editorconfig
	EndProjectSection
EndProject
Global
	GlobalSection(SolutionConfigurationPlatforms) = preSolution
		Debug|Any CPU = Debug|Any CPU
		Release|Any CPU = Release|Any CPU
	EndGlobalSection
	GlobalSection(ProjectConfigurationPlatforms) = postSolution
		{1C171CAD-35F5-4B74-B117-8A7BEEF1194F}.Debug|Any CPU.ActiveCfg = Debug|Any CPU
		{1C171CAD-35F5-4B74-B117-8A7BEEF1194F}.Debug|Any CPU.Build.0 = Debug|Any CPU
		{1C171CAD-35F5-4B74-B117-8A7BEEF1194F}.Release|Any CPU.ActiveCfg = Release|Any CPU
		{1C171CAD-35F5-4B74-B117-8A7BEEF1194F}.Release|Any CPU.Build.0 = Release|Any CPU
	EndGlobalSection
	GlobalSection(SolutionProperties) = preSolution
		HideSolutionNode = FALSE
	EndGlobalSection
	GlobalSection(ExtensibilityGlobals) = postSolution
		SolutionGuid = {F9282B59-F383-4B03-AC2A-B8D6EC2B8245}
	EndGlobalSection
EndGlobal
